
Microsoft Visual Studio Solution File, Format Version 12.00
# Visual Studio Version 16
VisualStudioVersion = 16.0.29505.145
MinimumVisualStudioVersion = 10.0.40219.1
Project("{9A19103F-16F7-4668-BE54-9A1E7A4F7556}") = "PasswordGenerateService", "PasswordProvideService\PasswordGenerateService.csproj", "{DA486280-CE9C-46BE-A9B7-7FCBDFD2CA01}"
EndProject
Project("{9A19103F-16F7-4668-BE54-9A1E7A4F7556}") = "TestPasswordGeneratorBuilder", "TestPasswordGeneratorBuilder\TestPasswordGeneratorBuilder.csproj", "{8ECE7B5E-7906-4435-8AA2-9FBE042C1664}"
EndProject
Project("{FAE04EC0-301F-11D3-BF4B-00C04F79EFBC}") = "PasswordGenerator", "PasswordGenerator\PasswordGenerator.csproj", "{AA2F995E-2636-4C1D-BD9D-FF03EB0EEA48}"
EndProject
Global
	GlobalSection(SolutionConfigurationPlatforms) = preSolution
		Debug|Any CPU = Debug|Any CPU
		Release|Any CPU = Release|Any CPU
	EndGlobalSection
	GlobalSection(ProjectConfigurationPlatforms) = postSolution
		{DA486280-CE9C-46BE-A9B7-7FCBDFD2CA01}.Debug|Any CPU.ActiveCfg = Debug|Any CPU
		{DA486280-CE9C-46BE-A9B7-7FCBDFD2CA01}.Debug|Any CPU.Build.0 = Debug|Any CPU
		{DA486280-CE9C-46BE-A9B7-7FCBDFD2CA01}.Release|Any CPU.ActiveCfg = Release|Any CPU
		{DA486280-CE9C-46BE-A9B7-7FCBDFD2CA01}.Release|Any CPU.Build.0 = Release|Any CPU
		{8ECE7B5E-7906-4435-8AA2-9FBE042C1664}.Debug|Any CPU.ActiveCfg = Debug|Any CPU
		{8ECE7B5E-7906-4435-8AA2-9FBE042C1664}.Debug|Any CPU.Build.0 = Debug|Any CPU
		{8ECE7B5E-7906-4435-8AA2-9FBE042C1664}.Release|Any CPU.ActiveCfg = Release|Any CPU
		{8ECE7B5E-7906-4435-8AA2-9FBE042C1664}.Release|Any CPU.Build.0 = Release|Any CPU
		{AA2F995E-2636-4C1D-BD9D-FF03EB0EEA48}.Debug|Any CPU.ActiveCfg = Debug|Any CPU
		{AA2F995E-2636-4C1D-BD9D-FF03EB0EEA48}.Debug|Any CPU.Build.0 = Debug|Any CPU
		{AA2F995E-2636-4C1D-BD9D-FF03EB0EEA48}.Release|Any CPU.ActiveCfg = Release|Any CPU
		{AA2F995E-2636-4C1D-BD9D-FF03EB0EEA48}.Release|Any CPU.Build.0 = Release|Any CPU
	EndGlobalSection
	GlobalSection(SolutionProperties) = preSolution
		HideSolutionNode = FALSE
	EndGlobalSection
	GlobalSection(ExtensibilityGlobals) = postSolution
		SolutionGuid = {F4324C9A-0594-42D1-A1F5-AB27B585166F}
	EndGlobalSection
EndGlobal
